
Microsoft Visual Studio Solution File, Format Version 12.00
# Visual Studio Version 17
VisualStudioVersion = 17.7.34024.191
MinimumVisualStudioVersion = 10.0.40219.1
Project("{FAE04EC0-301F-11D3-BF4B-00C04F79EFBC}") = "ProductStore", "ProductStore\ProductStore.csproj", "{47ED8750-674F-45C1-9F19-678E9724D04B}"
EndProject
Global
	GlobalSection(SolutionConfigurationPlatforms) = preSolution
		Debug|Any CPU = Debug|Any CPU
		Release|Any CPU = Release|Any CPU
	EndGlobalSection
	GlobalSection(ProjectConfigurationPlatforms) = postSolution
		{47ED8750-674F-45C1-9F19-678E9724D04B}.Debug|Any CPU.ActiveCfg = Debug|Any CPU
		{47ED8750-674F-45C1-9F19-678E9724D04B}.Debug|Any CPU.Build.0 = Debug|Any CPU
		{47ED8750-674F-45C1-9F19-678E9724D04B}.Release|Any CPU.ActiveCfg = Release|Any CPU
		{47ED8750-674F-45C1-9F19-678E9724D04B}.Release|Any CPU.Build.0 = Release|Any CPU
	EndGlobalSection
	GlobalSection(SolutionProperties) = preSolution
		HideSolutionNode = FALSE
	EndGlobalSection
	GlobalSection(ExtensibilityGlobals) = postSolution
		SolutionGuid = {2F25E4EF-82E8-43A0-9E50-BC30805F46BB}
	EndGlobalSection
EndGlobal
